
Microsoft Visual Studio Solution File, Format Version 12.00
# Visual Studio Version 16
VisualStudioVersion = 16.0.31025.194
MinimumVisualStudioVersion = 10.0.40219.1
Project("{9A19103F-16F7-4668-BE54-9A1E7A4F7556}") = "linkedlist1", "lambda1\linkedlist1.csproj", "{CF4E4CA2-A0BC-4D1F-AB71-FDD585A8F31B}"
EndProject
Project("{FAE04EC0-301F-11D3-BF4B-00C04F79EFBC}") = "AlarmClock2", "AlarmClock2\AlarmClock2.csproj", "{053E71CC-B42B-4254-A69B-A194FC9D61E8}"
EndProject
Global
	GlobalSection(SolutionConfigurationPlatforms) = preSolution
		Debug|Any CPU = Debug|Any CPU
		Release|Any CPU = Release|Any CPU
	EndGlobalSection
	GlobalSection(ProjectConfigurationPlatforms) = postSolution
		{CF4E4CA2-A0BC-4D1F-AB71-FDD585A8F31B}.Debug|Any CPU.ActiveCfg = Debug|Any CPU
		{CF4E4CA2-A0BC-4D1F-AB71-FDD585A8F31B}.Debug|Any CPU.Build.0 = Debug|Any CPU
		{CF4E4CA2-A0BC-4D1F-AB71-FDD585A8F31B}.Release|Any CPU.ActiveCfg = Release|Any CPU
		{CF4E4CA2-A0BC-4D1F-AB71-FDD585A8F31B}.Release|Any CPU.Build.0 = Release|Any CPU
		{053E71CC-B42B-4254-A69B-A194FC9D61E8}.Debug|Any CPU.ActiveCfg = Debug|Any CPU
		{053E71CC-B42B-4254-A69B-A194FC9D61E8}.Debug|Any CPU.Build.0 = Debug|Any CPU
		{053E71CC-B42B-4254-A69B-A194FC9D61E8}.Release|Any CPU.ActiveCfg = Release|Any CPU
		{053E71CC-B42B-4254-A69B-A194FC9D61E8}.Release|Any CPU.Build.0 = Release|Any CPU
	EndGlobalSection
	GlobalSection(SolutionProperties) = preSolution
		HideSolutionNode = FALSE
	EndGlobalSection
	GlobalSection(ExtensibilityGlobals) = postSolution
		SolutionGuid = {8EE74286-3A83-4E59-93E3-74782EB879DD}
	EndGlobalSection
EndGlobal
