
Microsoft Visual Studio Solution File, Format Version 12.00
# Visual Studio Version 16
VisualStudioVersion = 16.0.31025.194
MinimumVisualStudioVersion = 10.0.40219.1
Project("{FAE04EC0-301F-11D3-BF4B-00C04F79EFBC}") = "homework6", "homework6\homework6.csproj", "{A0821A7A-4B32-44E7-A0F7-E09251DA0286}"
EndProject
Global
	GlobalSection(SolutionConfigurationPlatforms) = preSolution
		Debug|Any CPU = Debug|Any CPU
		Release|Any CPU = Release|Any CPU
	EndGlobalSection
	GlobalSection(ProjectConfigurationPlatforms) = postSolution
		{A0821A7A-4B32-44E7-A0F7-E09251DA0286}.Debug|Any CPU.ActiveCfg = Debug|Any CPU
		{A0821A7A-4B32-44E7-A0F7-E09251DA0286}.Debug|Any CPU.Build.0 = Debug|Any CPU
		{A0821A7A-4B32-44E7-A0F7-E09251DA0286}.Release|Any CPU.ActiveCfg = Release|Any CPU
		{A0821A7A-4B32-44E7-A0F7-E09251DA0286}.Release|Any CPU.Build.0 = Release|Any CPU
	EndGlobalSection
	GlobalSection(SolutionProperties) = preSolution
		HideSolutionNode = FALSE
	EndGlobalSection
	GlobalSection(ExtensibilityGlobals) = postSolution
		SolutionGuid = {D453741A-0D6E-46E1-A4B6-FFF4800AF958}
	EndGlobalSection
EndGlobal
